
Microsoft Visual Studio Solution File, Format Version 12.00
# Visual Studio Version 17
VisualStudioVersion = 17.5.33530.505
MinimumVisualStudioVersion = 10.0.40219.1
Project("{FAE04EC0-301F-11D3-BF4B-00C04F79EFBC}") = "generateur_mdp", "generateur_mdp\generateur_mdp.csproj", "{10DC7E56-3419-4F2D-909A-2FA8B7D63399}"
EndProject
Global
	GlobalSection(SolutionConfigurationPlatforms) = preSolution
		Debug|Any CPU = Debug|Any CPU
		Release|Any CPU = Release|Any CPU
	EndGlobalSection
	GlobalSection(ProjectConfigurationPlatforms) = postSolution
		{10DC7E56-3419-4F2D-909A-2FA8B7D63399}.Debug|Any CPU.ActiveCfg = Debug|Any CPU
		{10DC7E56-3419-4F2D-909A-2FA8B7D63399}.Debug|Any CPU.Build.0 = Debug|Any CPU
		{10DC7E56-3419-4F2D-909A-2FA8B7D63399}.Release|Any CPU.ActiveCfg = Release|Any CPU
		{10DC7E56-3419-4F2D-909A-2FA8B7D63399}.Release|Any CPU.Build.0 = Release|Any CPU
	EndGlobalSection
	GlobalSection(SolutionProperties) = preSolution
		HideSolutionNode = FALSE
	EndGlobalSection
	GlobalSection(ExtensibilityGlobals) = postSolution
		SolutionGuid = {00F8009C-9A1D-4B42-AE18-68EB88FC588B}
	EndGlobalSection
EndGlobal
